// !$*UTF8*$!
{
	archiveVersion = 1;
	classes = {
	};
	objectVersion = 46;
	objects = {

/* Begin PBXBuildFile section */
		EEDD1D1E13549F20007A130C /* UIKit.framework in Frameworks */ = {isa = PBXBuildFile; fileRef = EEDD1D1D13549F20007A130C /* UIKit.framework */; };
		EEDD1D2013549F20007A130C /* Foundation.framework in Frameworks */ = {isa = PBXBuildFile; fileRef = EEDD1D1F13549F20007A130C /* Foundation.framework */; };
		EEDD1D2213549F20007A130C /* CoreGraphics.framework in Frameworks */ = {isa = PBXBuildFile; fileRef = EEDD1D2113549F20007A130C /* CoreGraphics.framework */; };
		EEDD1D2813549F20007A130C /* InfoPlist.strings in Resources */ = {isa = PBXBuildFile; fileRef = EEDD1D2613549F20007A130C /* InfoPlist.strings */; };
		EEDD1D2B13549F20007A130C /* main.m in Sources */ = {isa = PBXBuildFile; fileRef = EEDD1D2A13549F20007A130C /* main.m */; };
		EEDD1D2E13549F20007A130C /* QuartzBenchmarkAppDelegate.m in Sources */ = {isa = PBXBuildFile; fileRef = EEDD1D2D13549F20007A130C /* QuartzBenchmarkAppDelegate.m */; };
		EEDD1D3113549F20007A130C /* MainWindow.xib in Resources */ = {isa = PBXBuildFile; fileRef = EEDD1D2F13549F20007A130C /* MainWindow.xib */; };
		EEDD1D3413549F20007A130C /* QuartzBenchmarkViewController.m in Sources */ = {isa = PBXBuildFile; fileRef = EEDD1D3313549F20007A130C /* QuartzBenchmarkViewController.m */; };
		EEDD1D3713549F20007A130C /* QuartzBenchmarkViewController.xib in Resources */ = {isa = PBXBuildFile; fileRef = EEDD1D3513549F20007A130C /* QuartzBenchmarkViewController.xib */; };
		EEDD1D3F13549FE0007A130C /* Draw2D.mm in Sources */ = {isa = PBXBuildFile; fileRef = EEDD1D3E13549FE0007A130C /* Draw2D.mm */; };
/* End PBXBuildFile section */

/* Begin PBXFileReference section */
		EEDD1D1913549F20007A130C /* QuartzBenchmark.app */ = {isa = PBXFileReference; explicitFileType = wrapper.application; includeInIndex = 0; path = QuartzBenchmark.app; sourceTree = BUILT_PRODUCTS_DIR; };
		EEDD1D1D13549F20007A130C /* UIKit.framework */ = {isa = PBXFileReference; lastKnownFileType = wrapper.framework; name = UIKit.framework; path = System/Library/Frameworks/UIKit.framework; sourceTree = SDKROOT; };
		EEDD1D1F13549F20007A130C /* Foundation.framework */ = {isa = PBXFileReference; lastKnownFileType = wrapper.framework; name = Foundation.framework; path = System/Library/Frameworks/Foundation.framework; sourceTree = SDKROOT; };
		EEDD1D2113549F20007A130C /* CoreGraphics.framework */ = {isa = PBXFileReference; lastKnownFileType = wrapper.framework; name = CoreGraphics.framework; path = System/Library/Frameworks/CoreGraphics.framework; sourceTree = SDKROOT; };
		EEDD1D2513549F20007A130C /* QuartzBenchmark-Info.plist */ = {isa = PBXFileReference; lastKnownFileType = text.plist.xml; path = "QuartzBenchmark-Info.plist"; sourceTree = "<group>"; };
		EEDD1D2713549F20007A130C /* en */ = {isa = PBXFileReference; lastKnownFileType = text.plist.strings; name = en; path = en.lproj/InfoPlist.strings; sourceTree = "<group>"; };
		EEDD1D2913549F20007A130C /* QuartzBenchmark-Prefix.pch */ = {isa = PBXFileReference; lastKnownFileType = sourcecode.c.h; path = "QuartzBenchmark-Prefix.pch"; sourceTree = "<group>"; };
		EEDD1D2A13549F20007A130C /* main.m */ = {isa = PBXFileReference; lastKnownFileType = sourcecode.c.objc; path = main.m; sourceTree = "<group>"; };
		EEDD1D2C13549F20007A130C /* QuartzBenchmarkAppDelegate.h */ = {isa = PBXFileReference; lastKnownFileType = sourcecode.c.h; path = QuartzBenchmarkAppDelegate.h; sourceTree = "<group>"; };
		EEDD1D2D13549F20007A130C /* QuartzBenchmarkAppDelegate.m */ = {isa = PBXFileReference; lastKnownFileType = sourcecode.c.objc; path = QuartzBenchmarkAppDelegate.m; sourceTree = "<group>"; };
		EEDD1D3013549F20007A130C /* en */ = {isa = PBXFileReference; lastKnownFileType = file.xib; name = en; path = en.lproj/MainWindow.xib; sourceTree = "<group>"; };
		EEDD1D3213549F20007A130C /* QuartzBenchmarkViewController.h */ = {isa = PBXFileReference; lastKnownFileType = sourcecode.c.h; path = QuartzBenchmarkViewController.h; sourceTree = "<group>"; };
		EEDD1D3313549F20007A130C /* QuartzBenchmarkViewController.m */ = {isa = PBXFileReference; lastKnownFileType = sourcecode.c.objc; path = QuartzBenchmarkViewController.m; sourceTree = "<group>"; };
		EEDD1D3613549F20007A130C /* en */ = {isa = PBXFileReference; lastKnownFileType = file.xib; name = en; path = en.lproj/QuartzBenchmarkViewController.xib; sourceTree = "<group>"; };
		EEDD1D3D13549FE0007A130C /* Draw2D.h */ = {isa = PBXFileReference; fileEncoding = 4; lastKnownFileType = sourcecode.c.h; path = Draw2D.h; sourceTree = "<group>"; };
		EEDD1D3E13549FE0007A130C /* Draw2D.mm */ = {isa = PBXFileReference; fileEncoding = 4; lastKnownFileType = sourcecode.cpp.objcpp; path = Draw2D.mm; sourceTree = "<group>"; };
/* End PBXFileReference section */

/* Begin PBXFrameworksBuildPhase section */
		EEDD1D1613549F20007A130C /* Frameworks */ = {
			isa = PBXFrameworksBuildPhase;
			buildActionMask = 2147483647;
			files = (
				EEDD1D1E13549F20007A130C /* UIKit.framework in Frameworks */,
				EEDD1D2013549F20007A130C /* Foundation.framework in Frameworks */,
				EEDD1D2213549F20007A130C /* CoreGraphics.framework in Frameworks */,
			);
			runOnlyForDeploymentPostprocessing = 0;
		};
/* End PBXFrameworksBuildPhase section */

/* Begin PBXGroup section */
		EEDD1D0E13549F1F007A130C = {
			isa = PBXGroup;
			children = (
				EEDD1D3D13549FE0007A130C /* Draw2D.h */,
				EEDD1D3E13549FE0007A130C /* Draw2D.mm */,
				EEDD1D2313549F20007A130C /* QuartzBenchmark */,
				EEDD1D1C13549F20007A130C /* Frameworks */,
				EEDD1D1A13549F20007A130C /* Products */,
			);
			sourceTree = "<group>";
		};
		EEDD1D1A13549F20007A130C /* Products */ = {
			isa = PBXGroup;
			children = (
				EEDD1D1913549F20007A130C /* QuartzBenchmark.app */,
			);
			name = Products;
			sourceTree = "<group>";
		};
		EEDD1D1C13549F20007A130C /* Frameworks */ = {
			isa = PBXGroup;
			children = (
				EEDD1D1D13549F20007A130C /* UIKit.framework */,
				EEDD1D1F13549F20007A130C /* Foundation.framework */,
				EEDD1D2113549F20007A130C /* CoreGraphics.framework */,
			);
			name = Frameworks;
			sourceTree = "<group>";
		};
		EEDD1D2313549F20007A130C /* QuartzBenchmark */ = {
			isa = PBXGroup;
			children = (
				EEDD1D2C13549F20007A130C /* QuartzBenchmarkAppDelegate.h */,
				EEDD1D2D13549F20007A130C /* QuartzBenchmarkAppDelegate.m */,
				EEDD1D2F13549F20007A130C /* MainWindow.xib */,
				EEDD1D3213549F20007A130C /* QuartzBenchmarkViewController.h */,
				EEDD1D3313549F20007A130C /* QuartzBenchmarkViewController.m */,
				EEDD1D3513549F20007A130C /* QuartzBenchmarkViewController.xib */,
				EEDD1D2413549F20007A130C /* Supporting Files */,
			);
			path = QuartzBenchmark;
			sourceTree = "<group>";
		};
		EEDD1D2413549F20007A130C /* Supporting Files */ = {
			isa = PBXGroup;
			children = (
				EEDD1D2513549F20007A130C /* QuartzBenchmark-Info.plist */,
				EEDD1D2613549F20007A130C /* InfoPlist.strings */,
				EEDD1D2913549F20007A130C /* QuartzBenchmark-Prefix.pch */,
				EEDD1D2A13549F20007A130C /* main.m */,
			);
			name = "Supporting Files";
			sourceTree = "<group>";
		};
/* End PBXGroup section */

/* Begin PBXNativeTarget section */
		EEDD1D1813549F20007A130C /* QuartzBenchmark */ = {
			isa = PBXNativeTarget;
			buildConfigurationList = EEDD1D3A13549F20007A130C /* Build configuration list for PBXNativeTarget "QuartzBenchmark" */;
			buildPhases = (
				EEDD1D1513549F20007A130C /* Sources */,
				EEDD1D1613549F20007A130C /* Frameworks */,
				EEDD1D1713549F20007A130C /* Resources */,
			);
			buildRules = (
			);
			dependencies = (
			);
			name = QuartzBenchmark;
			productName = QuartzBenchmark;
			productReference = EEDD1D1913549F20007A130C /* QuartzBenchmark.app */;
			productType = "com.apple.product-type.application";
		};
/* End PBXNativeTarget section */

/* Begin PBXProject section */
		EEDD1D1013549F1F007A130C /* Project object */ = {
			isa = PBXProject;
			attributes = {
				ORGANIZATIONNAME = "Credo-Dialogue";
			};
			buildConfigurationList = EEDD1D1313549F1F007A130C /* Build configuration list for PBXProject "QuartzBenchmark" */;
			compatibilityVersion = "Xcode 3.2";
			developmentRegion = English;
			hasScannedForEncodings = 0;
			knownRegions = (
				en,
			);
			mainGroup = EEDD1D0E13549F1F007A130C;
			productRefGroup = EEDD1D1A13549F20007A130C /* Products */;
			projectDirPath = "";
			projectRoot = "";
			targets = (
				EEDD1D1813549F20007A130C /* QuartzBenchmark */,
			);
		};
/* End PBXProject section */

/* Begin PBXResourcesBuildPhase section */
		EEDD1D1713549F20007A130C /* Resources */ = {
			isa = PBXResourcesBuildPhase;
			buildActionMask = 2147483647;
			files = (
				EEDD1D2813549F20007A130C /* InfoPlist.strings in Resources */,
				EEDD1D3113549F20007A130C /* MainWindow.xib in Resources */,
				EEDD1D3713549F20007A130C /* QuartzBenchmarkViewController.xib in Resources */,
			);
			runOnlyForDeploymentPostprocessing = 0;
		};
/* End PBXResourcesBuildPhase section */

/* Begin PBXSourcesBuildPhase section */
		EEDD1D1513549F20007A130C /* Sources */ = {
			isa = PBXSourcesBuildPhase;
			buildActionMask = 2147483647;
			files = (
				EEDD1D2B13549F20007A130C /* main.m in Sources */,
				EEDD1D2E13549F20007A130C /* QuartzBenchmarkAppDelegate.m in Sources */,
				EEDD1D3413549F20007A130C /* QuartzBenchmarkViewController.m in Sources */,
				EEDD1D3F13549FE0007A130C /* Draw2D.mm in Sources */,
			);
			runOnlyForDeploymentPostprocessing = 0;
		};
/* End PBXSourcesBuildPhase section */

/* Begin PBXVariantGroup section */
		EEDD1D2613549F20007A130C /* InfoPlist.strings */ = {
			isa = PBXVariantGroup;
			children = (
				EEDD1D2713549F20007A130C /* en */,
			);
			name = InfoPlist.strings;
			sourceTree = "<group>";
		};
		EEDD1D2F13549F20007A130C /* MainWindow.xib */ = {
			isa = PBXVariantGroup;
			children = (
				EEDD1D3013549F20007A130C /* en */,
			);
			name = MainWindow.xib;
			sourceTree = "<group>";
		};
		EEDD1D3513549F20007A130C /* QuartzBenchmarkViewController.xib */ = {
			isa = PBXVariantGroup;
			children = (
				EEDD1D3613549F20007A130C /* en */,
			);
			name = QuartzBenchmarkViewController.xib;
			sourceTree = "<group>";
		};
/* End PBXVariantGroup section */

/* Begin XCBuildConfiguration section */
		EEDD1D3813549F20007A130C /* Debug */ = {
			isa = XCBuildConfiguration;
			buildSettings = {
				ARCHS = "$(ARCHS_STANDARD_32_BIT)";
				"CODE_SIGN_IDENTITY[sdk=iphoneos*]" = "iPhone Developer";
				GCC_C_LANGUAGE_STANDARD = gnu99;
				GCC_OPTIMIZATION_LEVEL = 0;
				GCC_PREPROCESSOR_DEFINITIONS = DEBUG;
				GCC_SYMBOLS_PRIVATE_EXTERN = NO;
				GCC_VERSION = com.apple.compilers.llvmgcc42;
				GCC_WARN_ABOUT_RETURN_TYPE = YES;
				GCC_WARN_UNUSED_VARIABLE = YES;
				IPHONEOS_DEPLOYMENT_TARGET = 4.3;
				SDKROOT = iphoneos;
			};
			name = Debug;
		};
		EEDD1D3913549F20007A130C /* Release */ = {
			isa = XCBuildConfiguration;
			buildSettings = {
				ARCHS = "$(ARCHS_STANDARD_32_BIT)";
				"CODE_SIGN_IDENTITY[sdk=iphoneos*]" = "iPhone Developer";
				GCC_C_LANGUAGE_STANDARD = gnu99;
				GCC_VERSION = com.apple.compilers.llvmgcc42;
				GCC_WARN_ABOUT_RETURN_TYPE = YES;
				GCC_WARN_UNUSED_VARIABLE = YES;
				IPHONEOS_DEPLOYMENT_TARGET = 4.3;
				OTHER_CFLAGS = "-DNS_BLOCK_ASSERTIONS=1";
				SDKROOT = iphoneos;
			};
			name = Release;
		};
		EEDD1D3B13549F20007A130C /* Debug */ = {
			isa = XCBuildConfiguration;
			buildSettings = {
				ALWAYS_SEARCH_USER_PATHS = NO;
				COPY_PHASE_STRIP = NO;
				GCC_DYNAMIC_NO_PIC = NO;
				GCC_PRECOMPILE_PREFIX_HEADER = YES;
				GCC_PREFIX_HEADER = "QuartzBenchmark/QuartzBenchmark-Prefix.pch";
				INFOPLIST_FILE = "QuartzBenchmark/QuartzBenchmark-Info.plist";
				PRODUCT_NAME = "$(TARGET_NAME)";
				WRAPPER_EXTENSION = app;
			};
			name = Debug;
		};
		EEDD1D3C13549F20007A130C /* Release */ = {
			isa = XCBuildConfiguration;
			buildSettings = {
				ALWAYS_SEARCH_USER_PATHS = NO;
				COPY_PHASE_STRIP = YES;
				GCC_PRECOMPILE_PREFIX_HEADER = YES;
				GCC_PREFIX_HEADER = "QuartzBenchmark/QuartzBenchmark-Prefix.pch";
				INFOPLIST_FILE = "QuartzBenchmark/QuartzBenchmark-Info.plist";
				PRODUCT_NAME = "$(TARGET_NAME)";
				VALIDATE_PRODUCT = YES;
				WRAPPER_EXTENSION = app;
			};
			name = Release;
		};
/* End XCBuildConfiguration section */

/* Begin XCConfigurationList section */
		EEDD1D1313549F1F007A130C /* Build configuration list for PBXProject "QuartzBenchmark" */ = {
			isa = XCConfigurationList;
			buildConfigurations = (
				EEDD1D3813549F20007A130C /* Debug */,
				EEDD1D3913549F20007A130C /* Release */,
			);
			defaultConfigurationIsVisible = 0;
			defaultConfigurationName = Release;
		};
		EEDD1D3A13549F20007A130C /* Build configuration list for PBXNativeTarget "QuartzBenchmark" */ = {
			isa = XCConfigurationList;
			buildConfigurations = (
				EEDD1D3B13549F20007A130C /* Debug */,
				EEDD1D3C13549F20007A130C /* Release */,
			);
			defaultConfigurationIsVisible = 0;
		};
/* End XCConfigurationList section */
	};
	rootObject = EEDD1D1013549F1F007A130C /* Project object */;
}
