// !$*UTF8*$!
{
	archiveVersion = 1;
	classes = {
	};
	objectVersion = 47;
	objects = {

/* Begin PBXBuildFile section */
		675347271A4057A700A0A8C3 /* api-client.c in Sources */ = {isa = PBXBuildFile; fileRef = 675347251A4057A700A0A8C3 /* api-client.c */; };
		675347281A4057A700A0A8C3 /* api-client.h in Headers */ = {isa = PBXBuildFile; fileRef = 675347261A4057A700A0A8C3 /* api-client.h */; };
		6753472B1A4057C500A0A8C3 /* api-client-internals.h in Headers */ = {isa = PBXBuildFile; fileRef = 6753472A1A4057C500A0A8C3 /* api-client-internals.h */; };
/* End PBXBuildFile section */

/* Begin PBXFileReference section */
		670D05A21B0DF32E0013A7AC /* defaults.xcconfig */ = {isa = PBXFileReference; lastKnownFileType = text.xcconfig; name = defaults.xcconfig; path = ../defaults.xcconfig; sourceTree = "<group>"; };
		675347171A40577A00A0A8C3 /* libapi.a */ = {isa = PBXFileReference; explicitFileType = archive.ar; includeInIndex = 0; path = libapi.a; sourceTree = BUILT_PRODUCTS_DIR; };
		675347251A4057A700A0A8C3 /* api-client.c */ = {isa = PBXFileReference; fileEncoding = 4; lastKnownFileType = sourcecode.c.c; name = "api-client.c"; path = "src/c/api-client.c"; sourceTree = "<group>"; };
		675347261A4057A700A0A8C3 /* api-client.h */ = {isa = PBXFileReference; fileEncoding = 4; lastKnownFileType = sourcecode.c.h; name = "api-client.h"; path = "src/c/api-client.h"; sourceTree = "<group>"; };
		6753472A1A4057C500A0A8C3 /* api-client-internals.h */ = {isa = PBXFileReference; fileEncoding = 4; lastKnownFileType = sourcecode.c.h; name = "api-client-internals.h"; path = "c/api-client-internals.h"; sourceTree = "<group>"; };
/* End PBXFileReference section */

/* Begin PBXFrameworksBuildPhase section */
		675347141A40577A00A0A8C3 /* Frameworks */ = {
			isa = PBXFrameworksBuildPhase;
			buildActionMask = 2147483647;
			files = (
			);
			runOnlyForDeploymentPostprocessing = 0;
		};
/* End PBXFrameworksBuildPhase section */

/* Begin PBXGroup section */
		6753470E1A40577A00A0A8C3 = {
			isa = PBXGroup;
			children = (
				670D05A21B0DF32E0013A7AC /* defaults.xcconfig */,
				675347191A40577A00A0A8C3 /* api */,
				675347181A40577A00A0A8C3 /* Products */,
			);
			sourceTree = "<group>";
		};
		675347181A40577A00A0A8C3 /* Products */ = {
			isa = PBXGroup;
			children = (
				675347171A40577A00A0A8C3 /* libapi.a */,
			);
			name = Products;
			sourceTree = "<group>";
		};
		675347191A40577A00A0A8C3 /* api */ = {
			isa = PBXGroup;
			children = (
				675347291A4057AB00A0A8C3 /* internal */,
				675347251A4057A700A0A8C3 /* api-client.c */,
				675347261A4057A700A0A8C3 /* api-client.h */,
			);
			name = api;
			path = ../../api;
			sourceTree = "<group>";
		};
		675347291A4057AB00A0A8C3 /* internal */ = {
			isa = PBXGroup;
			children = (
				6753472A1A4057C500A0A8C3 /* api-client-internals.h */,
			);
			path = internal;
			sourceTree = "<group>";
		};
/* End PBXGroup section */

/* Begin PBXHeadersBuildPhase section */
		675347151A40577A00A0A8C3 /* Headers */ = {
			isa = PBXHeadersBuildPhase;
			buildActionMask = 2147483647;
			files = (
				675347281A4057A700A0A8C3 /* api-client.h in Headers */,
				6753472B1A4057C500A0A8C3 /* api-client-internals.h in Headers */,
			);
			runOnlyForDeploymentPostprocessing = 0;
		};
/* End PBXHeadersBuildPhase section */

/* Begin PBXNativeTarget section */
		675347161A40577A00A0A8C3 /* api */ = {
			isa = PBXNativeTarget;
			buildConfigurationList = 675347221A40577A00A0A8C3 /* Build configuration list for PBXNativeTarget "api" */;
			buildPhases = (
				675347131A40577A00A0A8C3 /* Sources */,
				675347141A40577A00A0A8C3 /* Frameworks */,
				675347151A40577A00A0A8C3 /* Headers */,
			);
			buildRules = (
			);
			dependencies = (
			);
			name = api;
			productName = api;
			productReference = 675347171A40577A00A0A8C3 /* libapi.a */;
			productType = "com.apple.product-type.library.static";
		};
/* End PBXNativeTarget section */

/* Begin PBXProject section */
		6753470F1A40577A00A0A8C3 /* Project object */ = {
			isa = PBXProject;
			attributes = {
				LastUpgradeCheck = 0630;
				ORGANIZATIONNAME = maps.me;
				TargetAttributes = {
					675347161A40577A00A0A8C3 = {
						CreatedOnToolsVersion = 6.1;
					};
				};
			};
			buildConfigurationList = 675347121A40577A00A0A8C3 /* Build configuration list for PBXProject "api" */;
			compatibilityVersion = "Xcode 6.3";
			developmentRegion = English;
			hasScannedForEncodings = 0;
			knownRegions = (
				en,
			);
			mainGroup = 6753470E1A40577A00A0A8C3;
			productRefGroup = 675347181A40577A00A0A8C3 /* Products */;
			projectDirPath = "";
			projectRoot = "";
			targets = (
				675347161A40577A00A0A8C3 /* api */,
			);
		};
/* End PBXProject section */

/* Begin PBXSourcesBuildPhase section */
		675347131A40577A00A0A8C3 /* Sources */ = {
			isa = PBXSourcesBuildPhase;
			buildActionMask = 2147483647;
			files = (
				675347271A4057A700A0A8C3 /* api-client.c in Sources */,
			);
			runOnlyForDeploymentPostprocessing = 0;
		};
/* End PBXSourcesBuildPhase section */

/* Begin XCBuildConfiguration section */
		675347201A40577A00A0A8C3 /* Debug */ = {
			isa = XCBuildConfiguration;
			baseConfigurationReference = 670D05A21B0DF32E0013A7AC /* defaults.xcconfig */;
			buildSettings = {
				ALWAYS_SEARCH_USER_PATHS = NO;
				CLANG_CXX_LANGUAGE_STANDARD = "gnu++0x";
				CLANG_CXX_LIBRARY = "libc++";
				CLANG_ENABLE_MODULES = YES;
				CLANG_ENABLE_OBJC_ARC = YES;
				CLANG_WARN_BOOL_CONVERSION = YES;
				CLANG_WARN_CONSTANT_CONVERSION = YES;
				CLANG_WARN_DIRECT_OBJC_ISA_USAGE = YES_ERROR;
				CLANG_WARN_EMPTY_BODY = YES;
				CLANG_WARN_ENUM_CONVERSION = YES;
				CLANG_WARN_INT_CONVERSION = YES;
				CLANG_WARN_OBJC_ROOT_CLASS = YES_ERROR;
				CLANG_WARN_UNREACHABLE_CODE = YES;
				CLANG_WARN__DUPLICATE_METHOD_MATCH = YES;
				COPY_PHASE_STRIP = NO;
				ENABLE_STRICT_OBJC_MSGSEND = YES;
				GCC_C_LANGUAGE_STANDARD = gnu99;
				GCC_DYNAMIC_NO_PIC = NO;
				GCC_OPTIMIZATION_LEVEL = 0;
				GCC_PREPROCESSOR_DEFINITIONS = (
					"DEBUG=1",
					"$(inherited)",
				);
				GCC_SYMBOLS_PRIVATE_EXTERN = NO;
				GCC_WARN_64_TO_32_BIT_CONVERSION = YES;
				GCC_WARN_ABOUT_RETURN_TYPE = YES_ERROR;
				GCC_WARN_UNDECLARED_SELECTOR = YES;
				GCC_WARN_UNINITIALIZED_AUTOS = YES_AGGRESSIVE;
				GCC_WARN_UNUSED_FUNCTION = YES;
				GCC_WARN_UNUSED_VARIABLE = YES;
				HEADER_SEARCH_PATHS = "$(inherited)";
				MACOSX_DEPLOYMENT_TARGET = 10.10;
				MTL_ENABLE_DEBUG_INFO = YES;
				ONLY_ACTIVE_ARCH = YES;
				SDKROOT = macosx;
			};
			name = Debug;
		};
		675347211A40577A00A0A8C3 /* Release */ = {
			isa = XCBuildConfiguration;
			baseConfigurationReference = 670D05A21B0DF32E0013A7AC /* defaults.xcconfig */;
			buildSettings = {
				ALWAYS_SEARCH_USER_PATHS = NO;
				CLANG_CXX_LANGUAGE_STANDARD = "gnu++0x";
				CLANG_CXX_LIBRARY = "libc++";
				CLANG_ENABLE_MODULES = YES;
				CLANG_ENABLE_OBJC_ARC = YES;
				CLANG_WARN_BOOL_CONVERSION = YES;
				CLANG_WARN_CONSTANT_CONVERSION = YES;
				CLANG_WARN_DIRECT_OBJC_ISA_USAGE = YES_ERROR;
				CLANG_WARN_EMPTY_BODY = YES;
				CLANG_WARN_ENUM_CONVERSION = YES;
				CLANG_WARN_INT_CONVERSION = YES;
				CLANG_WARN_OBJC_ROOT_CLASS = YES_ERROR;
				CLANG_WARN_UNREACHABLE_CODE = YES;
				CLANG_WARN__DUPLICATE_METHOD_MATCH = YES;
				COPY_PHASE_STRIP = YES;
				DEBUG_INFORMATION_FORMAT = "dwarf-with-dsym";
				ENABLE_NS_ASSERTIONS = NO;
				ENABLE_STRICT_OBJC_MSGSEND = YES;
				GCC_C_LANGUAGE_STANDARD = gnu99;
				GCC_WARN_64_TO_32_BIT_CONVERSION = YES;
				GCC_WARN_ABOUT_RETURN_TYPE = YES_ERROR;
				GCC_WARN_UNDECLARED_SELECTOR = YES;
				GCC_WARN_UNINITIALIZED_AUTOS = YES_AGGRESSIVE;
				GCC_WARN_UNUSED_FUNCTION = YES;
				GCC_WARN_UNUSED_VARIABLE = YES;
				HEADER_SEARCH_PATHS = "$(inherited)";
				MACOSX_DEPLOYMENT_TARGET = 10.10;
				MTL_ENABLE_DEBUG_INFO = NO;
				SDKROOT = macosx;
			};
			name = Release;
		};
		675347231A40577A00A0A8C3 /* Debug */ = {
			isa = XCBuildConfiguration;
			buildSettings = {
				COMBINE_HIDPI_IMAGES = YES;
				EXECUTABLE_PREFIX = lib;
				GCC_ENABLE_CPP_EXCEPTIONS = YES;
				GCC_ENABLE_CPP_RTTI = YES;
				GCC_SYMBOLS_PRIVATE_EXTERN = NO;
				HEADER_SEARCH_PATHS = "$(inherited)";
				PRODUCT_NAME = "$(TARGET_NAME)";
			};
			name = Debug;
		};
		675347241A40577A00A0A8C3 /* Release */ = {
			isa = XCBuildConfiguration;
			buildSettings = {
				COMBINE_HIDPI_IMAGES = YES;
				EXECUTABLE_PREFIX = lib;
				GCC_ENABLE_CPP_EXCEPTIONS = YES;
				GCC_ENABLE_CPP_RTTI = YES;
				GCC_SYMBOLS_PRIVATE_EXTERN = NO;
				HEADER_SEARCH_PATHS = "$(inherited)";
				PRODUCT_NAME = "$(TARGET_NAME)";
			};
			name = Release;
		};
/* End XCBuildConfiguration section */

/* Begin XCConfigurationList section */
		675347121A40577A00A0A8C3 /* Build configuration list for PBXProject "api" */ = {
			isa = XCConfigurationList;
			buildConfigurations = (
				675347201A40577A00A0A8C3 /* Debug */,
				675347211A40577A00A0A8C3 /* Release */,
			);
			defaultConfigurationIsVisible = 0;
			defaultConfigurationName = Release;
		};
		675347221A40577A00A0A8C3 /* Build configuration list for PBXNativeTarget "api" */ = {
			isa = XCConfigurationList;
			buildConfigurations = (
				675347231A40577A00A0A8C3 /* Debug */,
				675347241A40577A00A0A8C3 /* Release */,
			);
			defaultConfigurationIsVisible = 0;
			defaultConfigurationName = Release;
		};
/* End XCConfigurationList section */
	};
	rootObject = 6753470F1A40577A00A0A8C3 /* Project object */;
}
