// !$*UTF8*$!
{
	archiveVersion = 1;
	classes = {
	};
	objectVersion = 46;
	objects = {

/* Begin PBXBuildFile section */
		670B84C01A9381D900CE4492 /* cross_routing_context.cpp in Sources */ = {isa = PBXBuildFile; fileRef = 670B84BE1A9381D900CE4492 /* cross_routing_context.cpp */; };
		670B84C11A9381D900CE4492 /* cross_routing_context.hpp in Headers */ = {isa = PBXBuildFile; fileRef = 670B84BF1A9381D900CE4492 /* cross_routing_context.hpp */; };
		670C62131AC5A15700C38A8C /* routing_mapping.cpp in Sources */ = {isa = PBXBuildFile; fileRef = 670C62111AC5A15700C38A8C /* routing_mapping.cpp */; };
		670D049E1B0B4A970013A7AC /* nearest_edge_finder.cpp in Sources */ = {isa = PBXBuildFile; fileRef = 670D049C1B0B4A970013A7AC /* nearest_edge_finder.cpp */; };
		670D049F1B0B4A970013A7AC /* nearest_edge_finder.hpp in Headers */ = {isa = PBXBuildFile; fileRef = 670D049D1B0B4A970013A7AC /* nearest_edge_finder.hpp */; };
		670EE55D1B6001E7001E8064 /* routing_session.cpp in Sources */ = {isa = PBXBuildFile; fileRef = 670EE55A1B6001E7001E8064 /* routing_session.cpp */; };
		670EE55E1B6001E7001E8064 /* routing_session.hpp in Headers */ = {isa = PBXBuildFile; fileRef = 670EE55B1B6001E7001E8064 /* routing_session.hpp */; };
		670EE55F1B6001E7001E8064 /* routing_settings.hpp in Headers */ = {isa = PBXBuildFile; fileRef = 670EE55C1B6001E7001E8064 /* routing_settings.hpp */; };
		670EE5721B664796001E8064 /* directions_engine.hpp in Headers */ = {isa = PBXBuildFile; fileRef = 670EE56E1B664796001E8064 /* directions_engine.hpp */; };
		670EE5731B664796001E8064 /* pedestrian_directions.cpp in Sources */ = {isa = PBXBuildFile; fileRef = 670EE56F1B664796001E8064 /* pedestrian_directions.cpp */; };
		670EE5741B664796001E8064 /* pedestrian_directions.hpp in Headers */ = {isa = PBXBuildFile; fileRef = 670EE5701B664796001E8064 /* pedestrian_directions.hpp */; };
		670EE5751B664796001E8064 /* router.cpp in Sources */ = {isa = PBXBuildFile; fileRef = 670EE5711B664796001E8064 /* router.cpp */; };
		671F58BD1B874EC80032311E /* followed_polyline.cpp in Sources */ = {isa = PBXBuildFile; fileRef = 671F58BB1B874EC80032311E /* followed_polyline.cpp */; };
		671F58BE1B874EC80032311E /* followed_polyline.hpp in Headers */ = {isa = PBXBuildFile; fileRef = 671F58BC1B874EC80032311E /* followed_polyline.hpp */; };
		6741AA9C1BF35331002C974C /* turns_notification_manager.cpp in Sources */ = {isa = PBXBuildFile; fileRef = 6741AA9A1BF35331002C974C /* turns_notification_manager.cpp */; };
		6741AA9D1BF35331002C974C /* turns_notification_manager.hpp in Headers */ = {isa = PBXBuildFile; fileRef = 6741AA9B1BF35331002C974C /* turns_notification_manager.hpp */; };
		674A28B11B1605D2001A525C /* osrm_engine.cpp in Sources */ = {isa = PBXBuildFile; fileRef = 674A28AF1B1605D2001A525C /* osrm_engine.cpp */; };
		674A28B21B1605D2001A525C /* osrm_engine.hpp in Headers */ = {isa = PBXBuildFile; fileRef = 674A28B01B1605D2001A525C /* osrm_engine.hpp */; };
		674F9BCA1B0A580E00704FFA /* async_router.cpp in Sources */ = {isa = PBXBuildFile; fileRef = 674F9BBA1B0A580E00704FFA /* async_router.cpp */; };
		674F9BCB1B0A580E00704FFA /* async_router.hpp in Headers */ = {isa = PBXBuildFile; fileRef = 674F9BBB1B0A580E00704FFA /* async_router.hpp */; };
		674F9BCC1B0A580E00704FFA /* features_road_graph.cpp in Sources */ = {isa = PBXBuildFile; fileRef = 674F9BBC1B0A580E00704FFA /* features_road_graph.cpp */; };
		674F9BCD1B0A580E00704FFA /* features_road_graph.hpp in Headers */ = {isa = PBXBuildFile; fileRef = 674F9BBD1B0A580E00704FFA /* features_road_graph.hpp */; };
		674F9BD01B0A580E00704FFA /* online_cross_fetcher.cpp in Sources */ = {isa = PBXBuildFile; fileRef = 674F9BC01B0A580E00704FFA /* online_cross_fetcher.cpp */; };
		674F9BD11B0A580E00704FFA /* online_cross_fetcher.hpp in Headers */ = {isa = PBXBuildFile; fileRef = 674F9BC11B0A580E00704FFA /* online_cross_fetcher.hpp */; };
		674F9BD21B0A580E00704FFA /* road_graph_router.cpp in Sources */ = {isa = PBXBuildFile; fileRef = 674F9BC21B0A580E00704FFA /* road_graph_router.cpp */; };
		674F9BD31B0A580E00704FFA /* road_graph_router.hpp in Headers */ = {isa = PBXBuildFile; fileRef = 674F9BC31B0A580E00704FFA /* road_graph_router.hpp */; };
		674F9BD41B0A580E00704FFA /* road_graph.cpp in Sources */ = {isa = PBXBuildFile; fileRef = 674F9BC41B0A580E00704FFA /* road_graph.cpp */; };
		674F9BD51B0A580E00704FFA /* road_graph.hpp in Headers */ = {isa = PBXBuildFile; fileRef = 674F9BC51B0A580E00704FFA /* road_graph.hpp */; };
		674F9BD61B0A580E00704FFA /* turns_generator.cpp in Sources */ = {isa = PBXBuildFile; fileRef = 674F9BC61B0A580E00704FFA /* turns_generator.cpp */; };
		674F9BD71B0A580E00704FFA /* turns_generator.hpp in Headers */ = {isa = PBXBuildFile; fileRef = 674F9BC71B0A580E00704FFA /* turns_generator.hpp */; };
		675344141A3F644F00A0A8C3 /* osrm_data_facade.hpp in Headers */ = {isa = PBXBuildFile; fileRef = 675344061A3F644F00A0A8C3 /* osrm_data_facade.hpp */; };
		675344171A3F644F00A0A8C3 /* osrm_router.cpp in Sources */ = {isa = PBXBuildFile; fileRef = 675344091A3F644F00A0A8C3 /* osrm_router.cpp */; };
		675344181A3F644F00A0A8C3 /* osrm_router.hpp in Headers */ = {isa = PBXBuildFile; fileRef = 6753440A1A3F644F00A0A8C3 /* osrm_router.hpp */; };
		675344191A3F644F00A0A8C3 /* osrm2feature_map.cpp in Sources */ = {isa = PBXBuildFile; fileRef = 6753440B1A3F644F00A0A8C3 /* osrm2feature_map.cpp */; };
		6753441A1A3F644F00A0A8C3 /* osrm2feature_map.hpp in Headers */ = {isa = PBXBuildFile; fileRef = 6753440C1A3F644F00A0A8C3 /* osrm2feature_map.hpp */; };
		6753441B1A3F644F00A0A8C3 /* route.cpp in Sources */ = {isa = PBXBuildFile; fileRef = 6753440D1A3F644F00A0A8C3 /* route.cpp */; };
		6753441C1A3F644F00A0A8C3 /* route.hpp in Headers */ = {isa = PBXBuildFile; fileRef = 6753440E1A3F644F00A0A8C3 /* route.hpp */; };
		6753441D1A3F644F00A0A8C3 /* router.hpp in Headers */ = {isa = PBXBuildFile; fileRef = 6753440F1A3F644F00A0A8C3 /* router.hpp */; };
		6753441E1A3F644F00A0A8C3 /* turns.cpp in Sources */ = {isa = PBXBuildFile; fileRef = 675344101A3F644F00A0A8C3 /* turns.cpp */; };
		6753441F1A3F644F00A0A8C3 /* turns.hpp in Headers */ = {isa = PBXBuildFile; fileRef = 675344111A3F644F00A0A8C3 /* turns.hpp */; };
		675344201A3F644F00A0A8C3 /* vehicle_model.cpp in Sources */ = {isa = PBXBuildFile; fileRef = 675344121A3F644F00A0A8C3 /* vehicle_model.cpp */; };
		675344211A3F644F00A0A8C3 /* vehicle_model.hpp in Headers */ = {isa = PBXBuildFile; fileRef = 675344131A3F644F00A0A8C3 /* vehicle_model.hpp */; };
		67AB92E51B7B3E6E00AB5194 /* routing_mapping.hpp in Headers */ = {isa = PBXBuildFile; fileRef = 67AB92E01B7B3E6E00AB5194 /* routing_mapping.hpp */; };
		67AB92E61B7B3E6E00AB5194 /* turns_tts_text.cpp in Sources */ = {isa = PBXBuildFile; fileRef = 67AB92E11B7B3E6E00AB5194 /* turns_tts_text.cpp */; };
		67AB92E71B7B3E6E00AB5194 /* turns_tts_text.hpp in Headers */ = {isa = PBXBuildFile; fileRef = 67AB92E21B7B3E6E00AB5194 /* turns_tts_text.hpp */; };
		67C7D4291B4EB48F00FE41AA /* car_model.cpp in Sources */ = {isa = PBXBuildFile; fileRef = 67C7D4211B4EB48F00FE41AA /* car_model.cpp */; };
		67C7D42A1B4EB48F00FE41AA /* car_model.hpp in Headers */ = {isa = PBXBuildFile; fileRef = 67C7D4221B4EB48F00FE41AA /* car_model.hpp */; };
		67C7D42B1B4EB48F00FE41AA /* pedestrian_model.cpp in Sources */ = {isa = PBXBuildFile; fileRef = 67C7D4231B4EB48F00FE41AA /* pedestrian_model.cpp */; };
		67C7D42C1B4EB48F00FE41AA /* pedestrian_model.hpp in Headers */ = {isa = PBXBuildFile; fileRef = 67C7D4241B4EB48F00FE41AA /* pedestrian_model.hpp */; };
		67C7D42D1B4EB48F00FE41AA /* turns_sound_settings.cpp in Sources */ = {isa = PBXBuildFile; fileRef = 67C7D4251B4EB48F00FE41AA /* turns_sound_settings.cpp */; };
		67C7D42E1B4EB48F00FE41AA /* turns_sound_settings.hpp in Headers */ = {isa = PBXBuildFile; fileRef = 67C7D4261B4EB48F00FE41AA /* turns_sound_settings.hpp */; };
		A120B3451B4A7BE5002F3808 /* cross_mwm_road_graph.cpp in Sources */ = {isa = PBXBuildFile; fileRef = A120B3411B4A7BE5002F3808 /* cross_mwm_road_graph.cpp */; };
		A120B3461B4A7BE5002F3808 /* cross_mwm_road_graph.hpp in Headers */ = {isa = PBXBuildFile; fileRef = A120B3421B4A7BE5002F3808 /* cross_mwm_road_graph.hpp */; };
		A120B3471B4A7BE5002F3808 /* cross_mwm_router.cpp in Sources */ = {isa = PBXBuildFile; fileRef = A120B3431B4A7BE5002F3808 /* cross_mwm_router.cpp */; };
		A120B3481B4A7BE5002F3808 /* cross_mwm_router.hpp in Headers */ = {isa = PBXBuildFile; fileRef = A120B3441B4A7BE5002F3808 /* cross_mwm_router.hpp */; };
		A120B34E1B4A7C0A002F3808 /* online_absent_fetcher.cpp in Sources */ = {isa = PBXBuildFile; fileRef = A120B34A1B4A7C0A002F3808 /* online_absent_fetcher.cpp */; };
		A120B34F1B4A7C0A002F3808 /* online_absent_fetcher.hpp in Headers */ = {isa = PBXBuildFile; fileRef = A120B34B1B4A7C0A002F3808 /* online_absent_fetcher.hpp */; };
		A120B3501B4A7C0A002F3808 /* routing_algorithm.cpp in Sources */ = {isa = PBXBuildFile; fileRef = A120B34C1B4A7C0A002F3808 /* routing_algorithm.cpp */; };
		A120B3511B4A7C0A002F3808 /* routing_algorithm.hpp in Headers */ = {isa = PBXBuildFile; fileRef = A120B34D1B4A7C0A002F3808 /* routing_algorithm.hpp */; };
		A120B3531B4A7C1C002F3808 /* astar_algorithm.hpp in Headers */ = {isa = PBXBuildFile; fileRef = A120B3521B4A7C1C002F3808 /* astar_algorithm.hpp */; };
		A1616E2B1B6B60AB003F078E /* router_delegate.cpp in Sources */ = {isa = PBXBuildFile; fileRef = A1616E291B6B60AB003F078E /* router_delegate.cpp */; };
		A1616E2C1B6B60AB003F078E /* router_delegate.hpp in Headers */ = {isa = PBXBuildFile; fileRef = A1616E2A1B6B60AB003F078E /* router_delegate.hpp */; };
		A1616E2E1B6B60B3003F078E /* astar_progress.hpp in Headers */ = {isa = PBXBuildFile; fileRef = A1616E2D1B6B60B3003F078E /* astar_progress.hpp */; };
		A17B42981BCFBD0E00A1EAE4 /* osrm_helpers.cpp in Sources */ = {isa = PBXBuildFile; fileRef = A17B42961BCFBD0E00A1EAE4 /* osrm_helpers.cpp */; };
		A17B42991BCFBD0E00A1EAE4 /* osrm_helpers.hpp in Headers */ = {isa = PBXBuildFile; fileRef = A17B42971BCFBD0E00A1EAE4 /* osrm_helpers.hpp */; };
		A1876BC61BB19C4300C9C743 /* speed_camera.cpp in Sources */ = {isa = PBXBuildFile; fileRef = A1876BC41BB19C4300C9C743 /* speed_camera.cpp */; };
		A1876BC71BB19C4300C9C743 /* speed_camera.hpp in Headers */ = {isa = PBXBuildFile; fileRef = A1876BC51BB19C4300C9C743 /* speed_camera.hpp */; };
/* End PBXBuildFile section */

/* Begin PBXFileReference section */
		670B84BE1A9381D900CE4492 /* cross_routing_context.cpp */ = {isa = PBXFileReference; fileEncoding = 4; lastKnownFileType = sourcecode.cpp.cpp; path = cross_routing_context.cpp; sourceTree = "<group>"; };
		670B84BF1A9381D900CE4492 /* cross_routing_context.hpp */ = {isa = PBXFileReference; fileEncoding = 4; lastKnownFileType = sourcecode.cpp.h; path = cross_routing_context.hpp; sourceTree = "<group>"; };
		670C62111AC5A15700C38A8C /* routing_mapping.cpp */ = {isa = PBXFileReference; fileEncoding = 4; lastKnownFileType = sourcecode.cpp.cpp; path = routing_mapping.cpp; sourceTree = "<group>"; };
		670D049C1B0B4A970013A7AC /* nearest_edge_finder.cpp */ = {isa = PBXFileReference; fileEncoding = 4; lastKnownFileType = sourcecode.cpp.cpp; path = nearest_edge_finder.cpp; sourceTree = "<group>"; };
		670D049D1B0B4A970013A7AC /* nearest_edge_finder.hpp */ = {isa = PBXFileReference; fileEncoding = 4; lastKnownFileType = sourcecode.cpp.h; path = nearest_edge_finder.hpp; sourceTree = "<group>"; };
		670D05A61B0E02560013A7AC /* defaults.xcconfig */ = {isa = PBXFileReference; lastKnownFileType = text.xcconfig; name = defaults.xcconfig; path = ../defaults.xcconfig; sourceTree = "<group>"; };
		670EE55A1B6001E7001E8064 /* routing_session.cpp */ = {isa = PBXFileReference; fileEncoding = 4; lastKnownFileType = sourcecode.cpp.cpp; path = routing_session.cpp; sourceTree = "<group>"; };
		670EE55B1B6001E7001E8064 /* routing_session.hpp */ = {isa = PBXFileReference; fileEncoding = 4; lastKnownFileType = sourcecode.cpp.h; path = routing_session.hpp; sourceTree = "<group>"; };
		670EE55C1B6001E7001E8064 /* routing_settings.hpp */ = {isa = PBXFileReference; fileEncoding = 4; lastKnownFileType = sourcecode.cpp.h; path = routing_settings.hpp; sourceTree = "<group>"; };
		670EE56E1B664796001E8064 /* directions_engine.hpp */ = {isa = PBXFileReference; fileEncoding = 4; lastKnownFileType = sourcecode.cpp.h; path = directions_engine.hpp; sourceTree = "<group>"; };
		670EE56F1B664796001E8064 /* pedestrian_directions.cpp */ = {isa = PBXFileReference; fileEncoding = 4; lastKnownFileType = sourcecode.cpp.cpp; path = pedestrian_directions.cpp; sourceTree = "<group>"; };
		670EE5701B664796001E8064 /* pedestrian_directions.hpp */ = {isa = PBXFileReference; fileEncoding = 4; lastKnownFileType = sourcecode.cpp.h; path = pedestrian_directions.hpp; sourceTree = "<group>"; };
		670EE5711B664796001E8064 /* router.cpp */ = {isa = PBXFileReference; fileEncoding = 4; lastKnownFileType = sourcecode.cpp.cpp; path = router.cpp; sourceTree = "<group>"; };
		671F58BB1B874EC80032311E /* followed_polyline.cpp */ = {isa = PBXFileReference; fileEncoding = 4; lastKnownFileType = sourcecode.cpp.cpp; path = followed_polyline.cpp; sourceTree = "<group>"; };
		671F58BC1B874EC80032311E /* followed_polyline.hpp */ = {isa = PBXFileReference; fileEncoding = 4; lastKnownFileType = sourcecode.cpp.h; path = followed_polyline.hpp; sourceTree = "<group>"; };
		6741AA9A1BF35331002C974C /* turns_notification_manager.cpp */ = {isa = PBXFileReference; fileEncoding = 4; lastKnownFileType = sourcecode.cpp.cpp; path = turns_notification_manager.cpp; sourceTree = "<group>"; };
		6741AA9B1BF35331002C974C /* turns_notification_manager.hpp */ = {isa = PBXFileReference; fileEncoding = 4; lastKnownFileType = sourcecode.cpp.h; path = turns_notification_manager.hpp; sourceTree = "<group>"; };
		674A28AF1B1605D2001A525C /* osrm_engine.cpp */ = {isa = PBXFileReference; fileEncoding = 4; lastKnownFileType = sourcecode.cpp.cpp; path = osrm_engine.cpp; sourceTree = "<group>"; };
		674A28B01B1605D2001A525C /* osrm_engine.hpp */ = {isa = PBXFileReference; fileEncoding = 4; lastKnownFileType = sourcecode.cpp.h; path = osrm_engine.hpp; sourceTree = "<group>"; };
		674F9BBA1B0A580E00704FFA /* async_router.cpp */ = {isa = PBXFileReference; fileEncoding = 4; lastKnownFileType = sourcecode.cpp.cpp; path = async_router.cpp; sourceTree = "<group>"; };
		674F9BBB1B0A580E00704FFA /* async_router.hpp */ = {isa = PBXFileReference; fileEncoding = 4; lastKnownFileType = sourcecode.cpp.h; path = async_router.hpp; sourceTree = "<group>"; };
		674F9BBC1B0A580E00704FFA /* features_road_graph.cpp */ = {isa = PBXFileReference; fileEncoding = 4; lastKnownFileType = sourcecode.cpp.cpp; path = features_road_graph.cpp; sourceTree = "<group>"; };
		674F9BBD1B0A580E00704FFA /* features_road_graph.hpp */ = {isa = PBXFileReference; fileEncoding = 4; lastKnownFileType = sourcecode.cpp.h; path = features_road_graph.hpp; sourceTree = "<group>"; };
		674F9BC01B0A580E00704FFA /* online_cross_fetcher.cpp */ = {isa = PBXFileReference; fileEncoding = 4; lastKnownFileType = sourcecode.cpp.cpp; path = online_cross_fetcher.cpp; sourceTree = "<group>"; };
		674F9BC11B0A580E00704FFA /* online_cross_fetcher.hpp */ = {isa = PBXFileReference; fileEncoding = 4; lastKnownFileType = sourcecode.cpp.h; path = online_cross_fetcher.hpp; sourceTree = "<group>"; };
		674F9BC21B0A580E00704FFA /* road_graph_router.cpp */ = {isa = PBXFileReference; fileEncoding = 4; lastKnownFileType = sourcecode.cpp.cpp; path = road_graph_router.cpp; sourceTree = "<group>"; };
		674F9BC31B0A580E00704FFA /* road_graph_router.hpp */ = {isa = PBXFileReference; fileEncoding = 4; lastKnownFileType = sourcecode.cpp.h; path = road_graph_router.hpp; sourceTree = "<group>"; };
		674F9BC41B0A580E00704FFA /* road_graph.cpp */ = {isa = PBXFileReference; fileEncoding = 4; lastKnownFileType = sourcecode.cpp.cpp; path = road_graph.cpp; sourceTree = "<group>"; };
		674F9BC51B0A580E00704FFA /* road_graph.hpp */ = {isa = PBXFileReference; fileEncoding = 4; lastKnownFileType = sourcecode.cpp.h; path = road_graph.hpp; sourceTree = "<group>"; };
		674F9BC61B0A580E00704FFA /* turns_generator.cpp */ = {isa = PBXFileReference; fileEncoding = 4; lastKnownFileType = sourcecode.cpp.cpp; path = turns_generator.cpp; sourceTree = "<group>"; };
		674F9BC71B0A580E00704FFA /* turns_generator.hpp */ = {isa = PBXFileReference; fileEncoding = 4; lastKnownFileType = sourcecode.cpp.h; path = turns_generator.hpp; sourceTree = "<group>"; };
		675343F81A3F640D00A0A8C3 /* librouting.a */ = {isa = PBXFileReference; explicitFileType = archive.ar; includeInIndex = 0; path = librouting.a; sourceTree = BUILT_PRODUCTS_DIR; };
		675344061A3F644F00A0A8C3 /* osrm_data_facade.hpp */ = {isa = PBXFileReference; fileEncoding = 4; lastKnownFileType = sourcecode.cpp.h; path = osrm_data_facade.hpp; sourceTree = "<group>"; };
		675344091A3F644F00A0A8C3 /* osrm_router.cpp */ = {isa = PBXFileReference; fileEncoding = 4; lastKnownFileType = sourcecode.cpp.cpp; path = osrm_router.cpp; sourceTree = "<group>"; };
		6753440A1A3F644F00A0A8C3 /* osrm_router.hpp */ = {isa = PBXFileReference; fileEncoding = 4; lastKnownFileType = sourcecode.cpp.h; path = osrm_router.hpp; sourceTree = "<group>"; };
		6753440B1A3F644F00A0A8C3 /* osrm2feature_map.cpp */ = {isa = PBXFileReference; fileEncoding = 4; lastKnownFileType = sourcecode.cpp.cpp; path = osrm2feature_map.cpp; sourceTree = "<group>"; };
		6753440C1A3F644F00A0A8C3 /* osrm2feature_map.hpp */ = {isa = PBXFileReference; fileEncoding = 4; lastKnownFileType = sourcecode.cpp.h; path = osrm2feature_map.hpp; sourceTree = "<group>"; };
		6753440D1A3F644F00A0A8C3 /* route.cpp */ = {isa = PBXFileReference; fileEncoding = 4; lastKnownFileType = sourcecode.cpp.cpp; path = route.cpp; sourceTree = "<group>"; };
		6753440E1A3F644F00A0A8C3 /* route.hpp */ = {isa = PBXFileReference; fileEncoding = 4; lastKnownFileType = sourcecode.cpp.h; path = route.hpp; sourceTree = "<group>"; };
		6753440F1A3F644F00A0A8C3 /* router.hpp */ = {isa = PBXFileReference; fileEncoding = 4; lastKnownFileType = sourcecode.cpp.h; path = router.hpp; sourceTree = "<group>"; };
		675344101A3F644F00A0A8C3 /* turns.cpp */ = {isa = PBXFileReference; fileEncoding = 4; lastKnownFileType = sourcecode.cpp.cpp; path = turns.cpp; sourceTree = "<group>"; };
		675344111A3F644F00A0A8C3 /* turns.hpp */ = {isa = PBXFileReference; fileEncoding = 4; lastKnownFileType = sourcecode.cpp.h; path = turns.hpp; sourceTree = "<group>"; };
		675344121A3F644F00A0A8C3 /* vehicle_model.cpp */ = {isa = PBXFileReference; fileEncoding = 4; lastKnownFileType = sourcecode.cpp.cpp; path = vehicle_model.cpp; sourceTree = "<group>"; };
		675344131A3F644F00A0A8C3 /* vehicle_model.hpp */ = {isa = PBXFileReference; fileEncoding = 4; lastKnownFileType = sourcecode.cpp.h; path = vehicle_model.hpp; sourceTree = "<group>"; };
		67AB92E01B7B3E6E00AB5194 /* routing_mapping.hpp */ = {isa = PBXFileReference; fileEncoding = 4; lastKnownFileType = sourcecode.cpp.h; path = routing_mapping.hpp; sourceTree = "<group>"; };
		67AB92E11B7B3E6E00AB5194 /* turns_tts_text.cpp */ = {isa = PBXFileReference; fileEncoding = 4; lastKnownFileType = sourcecode.cpp.cpp; path = turns_tts_text.cpp; sourceTree = "<group>"; };
		67AB92E21B7B3E6E00AB5194 /* turns_tts_text.hpp */ = {isa = PBXFileReference; fileEncoding = 4; lastKnownFileType = sourcecode.cpp.h; path = turns_tts_text.hpp; sourceTree = "<group>"; };
		67C7D4211B4EB48F00FE41AA /* car_model.cpp */ = {isa = PBXFileReference; fileEncoding = 4; lastKnownFileType = sourcecode.cpp.cpp; path = car_model.cpp; sourceTree = "<group>"; };
		67C7D4221B4EB48F00FE41AA /* car_model.hpp */ = {isa = PBXFileReference; fileEncoding = 4; lastKnownFileType = sourcecode.cpp.h; path = car_model.hpp; sourceTree = "<group>"; };
		67C7D4231B4EB48F00FE41AA /* pedestrian_model.cpp */ = {isa = PBXFileReference; fileEncoding = 4; lastKnownFileType = sourcecode.cpp.cpp; path = pedestrian_model.cpp; sourceTree = "<group>"; };
		67C7D4241B4EB48F00FE41AA /* pedestrian_model.hpp */ = {isa = PBXFileReference; fileEncoding = 4; lastKnownFileType = sourcecode.cpp.h; path = pedestrian_model.hpp; sourceTree = "<group>"; };
		67C7D4251B4EB48F00FE41AA /* turns_sound_settings.cpp */ = {isa = PBXFileReference; fileEncoding = 4; lastKnownFileType = sourcecode.cpp.cpp; path = turns_sound_settings.cpp; sourceTree = "<group>"; };
		67C7D4261B4EB48F00FE41AA /* turns_sound_settings.hpp */ = {isa = PBXFileReference; fileEncoding = 4; lastKnownFileType = sourcecode.cpp.h; path = turns_sound_settings.hpp; sourceTree = "<group>"; };
		A120B3411B4A7BE5002F3808 /* cross_mwm_road_graph.cpp */ = {isa = PBXFileReference; fileEncoding = 4; lastKnownFileType = sourcecode.cpp.cpp; path = cross_mwm_road_graph.cpp; sourceTree = "<group>"; };
		A120B3421B4A7BE5002F3808 /* cross_mwm_road_graph.hpp */ = {isa = PBXFileReference; fileEncoding = 4; lastKnownFileType = sourcecode.cpp.h; path = cross_mwm_road_graph.hpp; sourceTree = "<group>"; };
		A120B3431B4A7BE5002F3808 /* cross_mwm_router.cpp */ = {isa = PBXFileReference; fileEncoding = 4; lastKnownFileType = sourcecode.cpp.cpp; path = cross_mwm_router.cpp; sourceTree = "<group>"; };
		A120B3441B4A7BE5002F3808 /* cross_mwm_router.hpp */ = {isa = PBXFileReference; fileEncoding = 4; lastKnownFileType = sourcecode.cpp.h; path = cross_mwm_router.hpp; sourceTree = "<group>"; };
		A120B34A1B4A7C0A002F3808 /* online_absent_fetcher.cpp */ = {isa = PBXFileReference; fileEncoding = 4; lastKnownFileType = sourcecode.cpp.cpp; path = online_absent_fetcher.cpp; sourceTree = "<group>"; };
		A120B34B1B4A7C0A002F3808 /* online_absent_fetcher.hpp */ = {isa = PBXFileReference; fileEncoding = 4; lastKnownFileType = sourcecode.cpp.h; path = online_absent_fetcher.hpp; sourceTree = "<group>"; };
		A120B34C1B4A7C0A002F3808 /* routing_algorithm.cpp */ = {isa = PBXFileReference; fileEncoding = 4; lastKnownFileType = sourcecode.cpp.cpp; path = routing_algorithm.cpp; sourceTree = "<group>"; };
		A120B34D1B4A7C0A002F3808 /* routing_algorithm.hpp */ = {isa = PBXFileReference; fileEncoding = 4; lastKnownFileType = sourcecode.cpp.h; path = routing_algorithm.hpp; sourceTree = "<group>"; };
		A120B3521B4A7C1C002F3808 /* astar_algorithm.hpp */ = {isa = PBXFileReference; fileEncoding = 4; lastKnownFileType = sourcecode.cpp.h; path = astar_algorithm.hpp; sourceTree = "<group>"; };
		A1616E291B6B60AB003F078E /* router_delegate.cpp */ = {isa = PBXFileReference; fileEncoding = 4; lastKnownFileType = sourcecode.cpp.cpp; path = router_delegate.cpp; sourceTree = "<group>"; };
		A1616E2A1B6B60AB003F078E /* router_delegate.hpp */ = {isa = PBXFileReference; fileEncoding = 4; lastKnownFileType = sourcecode.cpp.h; path = router_delegate.hpp; sourceTree = "<group>"; };
		A1616E2D1B6B60B3003F078E /* astar_progress.hpp */ = {isa = PBXFileReference; fileEncoding = 4; lastKnownFileType = sourcecode.cpp.h; path = astar_progress.hpp; sourceTree = "<group>"; };
		A17B42961BCFBD0E00A1EAE4 /* osrm_helpers.cpp */ = {isa = PBXFileReference; fileEncoding = 4; lastKnownFileType = sourcecode.cpp.cpp; name = osrm_helpers.cpp; path = ../../routing/osrm_helpers.cpp; sourceTree = "<group>"; };
		A17B42971BCFBD0E00A1EAE4 /* osrm_helpers.hpp */ = {isa = PBXFileReference; fileEncoding = 4; lastKnownFileType = sourcecode.cpp.h; name = osrm_helpers.hpp; path = ../../routing/osrm_helpers.hpp; sourceTree = "<group>"; };
		A1876BC41BB19C4300C9C743 /* speed_camera.cpp */ = {isa = PBXFileReference; fileEncoding = 4; lastKnownFileType = sourcecode.cpp.cpp; path = speed_camera.cpp; sourceTree = "<group>"; };
		A1876BC51BB19C4300C9C743 /* speed_camera.hpp */ = {isa = PBXFileReference; fileEncoding = 4; lastKnownFileType = sourcecode.cpp.h; path = speed_camera.hpp; sourceTree = "<group>"; };
/* End PBXFileReference section */

/* Begin PBXFrameworksBuildPhase section */
		675343F51A3F640D00A0A8C3 /* Frameworks */ = {
			isa = PBXFrameworksBuildPhase;
			buildActionMask = 2147483647;
			files = (
			);
			runOnlyForDeploymentPostprocessing = 0;
		};
/* End PBXFrameworksBuildPhase section */

/* Begin PBXGroup section */
		671F58BA1B874EA20032311E /* base */ = {
			isa = PBXGroup;
			children = (
				671F58BB1B874EC80032311E /* followed_polyline.cpp */,
				671F58BC1B874EC80032311E /* followed_polyline.hpp */,
				A1616E2D1B6B60B3003F078E /* astar_progress.hpp */,
				A120B3521B4A7C1C002F3808 /* astar_algorithm.hpp */,
			);
			path = base;
			sourceTree = "<group>";
		};
		675343EF1A3F640D00A0A8C3 = {
			isa = PBXGroup;
			children = (
				A17B42961BCFBD0E00A1EAE4 /* osrm_helpers.cpp */,
				A17B42971BCFBD0E00A1EAE4 /* osrm_helpers.hpp */,
				670D05A61B0E02560013A7AC /* defaults.xcconfig */,
				675343FA1A3F640D00A0A8C3 /* routing */,
				675343F91A3F640D00A0A8C3 /* Products */,
			);
			sourceTree = "<group>";
		};
		675343F91A3F640D00A0A8C3 /* Products */ = {
			isa = PBXGroup;
			children = (
				675343F81A3F640D00A0A8C3 /* librouting.a */,
			);
			name = Products;
			sourceTree = "<group>";
		};
		675343FA1A3F640D00A0A8C3 /* routing */ = {
			isa = PBXGroup;
			children = (
				6741AA9A1BF35331002C974C /* turns_notification_manager.cpp */,
				6741AA9B1BF35331002C974C /* turns_notification_manager.hpp */,
				A1876BC41BB19C4300C9C743 /* speed_camera.cpp */,
				A1876BC51BB19C4300C9C743 /* speed_camera.hpp */,
				671F58BA1B874EA20032311E /* base */,
				67AB92E01B7B3E6E00AB5194 /* routing_mapping.hpp */,
				67AB92E11B7B3E6E00AB5194 /* turns_tts_text.cpp */,
				67AB92E21B7B3E6E00AB5194 /* turns_tts_text.hpp */,
				A1616E291B6B60AB003F078E /* router_delegate.cpp */,
				A1616E2A1B6B60AB003F078E /* router_delegate.hpp */,
				670EE56E1B664796001E8064 /* directions_engine.hpp */,
				670EE56F1B664796001E8064 /* pedestrian_directions.cpp */,
				670EE5701B664796001E8064 /* pedestrian_directions.hpp */,
				670EE5711B664796001E8064 /* router.cpp */,
				67C7D4211B4EB48F00FE41AA /* car_model.cpp */,
				67C7D4221B4EB48F00FE41AA /* car_model.hpp */,
				A120B3411B4A7BE5002F3808 /* cross_mwm_road_graph.cpp */,
				A120B3421B4A7BE5002F3808 /* cross_mwm_road_graph.hpp */,
				A120B3431B4A7BE5002F3808 /* cross_mwm_router.cpp */,
				A120B3441B4A7BE5002F3808 /* cross_mwm_router.hpp */,
				670B84BE1A9381D900CE4492 /* cross_routing_context.cpp */,
				670B84BF1A9381D900CE4492 /* cross_routing_context.hpp */,
				674A28AF1B1605D2001A525C /* osrm_engine.cpp */,
				674A28B01B1605D2001A525C /* osrm_engine.hpp */,
				670D049C1B0B4A970013A7AC /* nearest_edge_finder.cpp */,
				670D049D1B0B4A970013A7AC /* nearest_edge_finder.hpp */,
				674F9BBA1B0A580E00704FFA /* async_router.cpp */,
				674F9BBB1B0A580E00704FFA /* async_router.hpp */,
				674F9BBC1B0A580E00704FFA /* features_road_graph.cpp */,
				674F9BBD1B0A580E00704FFA /* features_road_graph.hpp */,
				A120B34A1B4A7C0A002F3808 /* online_absent_fetcher.cpp */,
				A120B34B1B4A7C0A002F3808 /* online_absent_fetcher.hpp */,
				674F9BC01B0A580E00704FFA /* online_cross_fetcher.cpp */,
				674F9BC11B0A580E00704FFA /* online_cross_fetcher.hpp */,
				67C7D4231B4EB48F00FE41AA /* pedestrian_model.cpp */,
				67C7D4241B4EB48F00FE41AA /* pedestrian_model.hpp */,
				674F9BC21B0A580E00704FFA /* road_graph_router.cpp */,
				674F9BC31B0A580E00704FFA /* road_graph_router.hpp */,
				674F9BC41B0A580E00704FFA /* road_graph.cpp */,
				674F9BC51B0A580E00704FFA /* road_graph.hpp */,
				A120B34C1B4A7C0A002F3808 /* routing_algorithm.cpp */,
				A120B34D1B4A7C0A002F3808 /* routing_algorithm.hpp */,
				670EE55A1B6001E7001E8064 /* routing_session.cpp */,
				670EE55B1B6001E7001E8064 /* routing_session.hpp */,
				670EE55C1B6001E7001E8064 /* routing_settings.hpp */,
				674F9BC61B0A580E00704FFA /* turns_generator.cpp */,
				674F9BC71B0A580E00704FFA /* turns_generator.hpp */,
				67C7D4251B4EB48F00FE41AA /* turns_sound_settings.cpp */,
				67C7D4261B4EB48F00FE41AA /* turns_sound_settings.hpp */,
				670C62111AC5A15700C38A8C /* routing_mapping.cpp */,
				675344061A3F644F00A0A8C3 /* osrm_data_facade.hpp */,
				675344091A3F644F00A0A8C3 /* osrm_router.cpp */,
				6753440A1A3F644F00A0A8C3 /* osrm_router.hpp */,
				6753440B1A3F644F00A0A8C3 /* osrm2feature_map.cpp */,
				6753440C1A3F644F00A0A8C3 /* osrm2feature_map.hpp */,
				6753440D1A3F644F00A0A8C3 /* route.cpp */,
				6753440E1A3F644F00A0A8C3 /* route.hpp */,
				6753440F1A3F644F00A0A8C3 /* router.hpp */,
				675344101A3F644F00A0A8C3 /* turns.cpp */,
				675344111A3F644F00A0A8C3 /* turns.hpp */,
				675344121A3F644F00A0A8C3 /* vehicle_model.cpp */,
				675344131A3F644F00A0A8C3 /* vehicle_model.hpp */,
			);
			name = routing;
			path = ../../routing;
			sourceTree = "<group>";
		};
/* End PBXGroup section */

/* Begin PBXHeadersBuildPhase section */
		675343F61A3F640D00A0A8C3 /* Headers */ = {
			isa = PBXHeadersBuildPhase;
			buildActionMask = 2147483647;
			files = (
				67AB92E51B7B3E6E00AB5194 /* routing_mapping.hpp in Headers */,
				674F9BCB1B0A580E00704FFA /* async_router.hpp in Headers */,
				674F9BD11B0A580E00704FFA /* online_cross_fetcher.hpp in Headers */,
				A120B3531B4A7C1C002F3808 /* astar_algorithm.hpp in Headers */,
				674A28B21B1605D2001A525C /* osrm_engine.hpp in Headers */,
				67AB92E71B7B3E6E00AB5194 /* turns_tts_text.hpp in Headers */,
				A120B3481B4A7BE5002F3808 /* cross_mwm_router.hpp in Headers */,
				674F9BD31B0A580E00704FFA /* road_graph_router.hpp in Headers */,
				675344181A3F644F00A0A8C3 /* osrm_router.hpp in Headers */,
				675344141A3F644F00A0A8C3 /* osrm_data_facade.hpp in Headers */,
				6753441F1A3F644F00A0A8C3 /* turns.hpp in Headers */,
				6753441A1A3F644F00A0A8C3 /* osrm2feature_map.hpp in Headers */,
				6741AA9D1BF35331002C974C /* turns_notification_manager.hpp in Headers */,
				674F9BD71B0A580E00704FFA /* turns_generator.hpp in Headers */,
				A120B3461B4A7BE5002F3808 /* cross_mwm_road_graph.hpp in Headers */,
				6753441C1A3F644F00A0A8C3 /* route.hpp in Headers */,
				A1616E2C1B6B60AB003F078E /* router_delegate.hpp in Headers */,
				A17B42991BCFBD0E00A1EAE4 /* osrm_helpers.hpp in Headers */,
				67C7D42E1B4EB48F00FE41AA /* turns_sound_settings.hpp in Headers */,
				670EE55E1B6001E7001E8064 /* routing_session.hpp in Headers */,
				670EE55F1B6001E7001E8064 /* routing_settings.hpp in Headers */,
				671F58BE1B874EC80032311E /* followed_polyline.hpp in Headers */,
				67C7D42C1B4EB48F00FE41AA /* pedestrian_model.hpp in Headers */,
				674F9BCD1B0A580E00704FFA /* features_road_graph.hpp in Headers */,
				670EE5741B664796001E8064 /* pedestrian_directions.hpp in Headers */,
				6753441D1A3F644F00A0A8C3 /* router.hpp in Headers */,
				A1616E2E1B6B60B3003F078E /* astar_progress.hpp in Headers */,
				670EE5721B664796001E8064 /* directions_engine.hpp in Headers */,
				A1876BC71BB19C4300C9C743 /* speed_camera.hpp in Headers */,
				67C7D42A1B4EB48F00FE41AA /* car_model.hpp in Headers */,
				670D049F1B0B4A970013A7AC /* nearest_edge_finder.hpp in Headers */,
				A120B34F1B4A7C0A002F3808 /* online_absent_fetcher.hpp in Headers */,
				674F9BD51B0A580E00704FFA /* road_graph.hpp in Headers */,
				A120B3511B4A7C0A002F3808 /* routing_algorithm.hpp in Headers */,
				675344211A3F644F00A0A8C3 /* vehicle_model.hpp in Headers */,
				670B84C11A9381D900CE4492 /* cross_routing_context.hpp in Headers */,
			);
			runOnlyForDeploymentPostprocessing = 0;
		};
/* End PBXHeadersBuildPhase section */

/* Begin PBXNativeTarget section */
		675343F71A3F640D00A0A8C3 /* routing */ = {
			isa = PBXNativeTarget;
			buildConfigurationList = 675344031A3F640D00A0A8C3 /* Build configuration list for PBXNativeTarget "routing" */;
			buildPhases = (
				675343F41A3F640D00A0A8C3 /* Sources */,
				675343F51A3F640D00A0A8C3 /* Frameworks */,
				675343F61A3F640D00A0A8C3 /* Headers */,
			);
			buildRules = (
			);
			dependencies = (
			);
			name = routing;
			productName = routing;
			productReference = 675343F81A3F640D00A0A8C3 /* librouting.a */;
			productType = "com.apple.product-type.library.static";
		};
/* End PBXNativeTarget section */

/* Begin PBXProject section */
		675343F01A3F640D00A0A8C3 /* Project object */ = {
			isa = PBXProject;
			attributes = {
				LastUpgradeCheck = 0630;
				ORGANIZATIONNAME = maps.me;
				TargetAttributes = {
					675343F71A3F640D00A0A8C3 = {
						CreatedOnToolsVersion = 6.1;
					};
				};
			};
			buildConfigurationList = 675343F31A3F640D00A0A8C3 /* Build configuration list for PBXProject "routing" */;
			compatibilityVersion = "Xcode 3.2";
			developmentRegion = English;
			hasScannedForEncodings = 0;
			knownRegions = (
				en,
			);
			mainGroup = 675343EF1A3F640D00A0A8C3;
			productRefGroup = 675343F91A3F640D00A0A8C3 /* Products */;
			projectDirPath = "";
			projectRoot = "";
			targets = (
				675343F71A3F640D00A0A8C3 /* routing */,
			);
		};
/* End PBXProject section */

/* Begin PBXSourcesBuildPhase section */
		675343F41A3F640D00A0A8C3 /* Sources */ = {
			isa = PBXSourcesBuildPhase;
			buildActionMask = 2147483647;
			files = (
				675344201A3F644F00A0A8C3 /* vehicle_model.cpp in Sources */,
				A1616E2B1B6B60AB003F078E /* router_delegate.cpp in Sources */,
				6741AA9C1BF35331002C974C /* turns_notification_manager.cpp in Sources */,
				67C7D42B1B4EB48F00FE41AA /* pedestrian_model.cpp in Sources */,
				A120B3471B4A7BE5002F3808 /* cross_mwm_router.cpp in Sources */,
				670EE5731B664796001E8064 /* pedestrian_directions.cpp in Sources */,
				6753441B1A3F644F00A0A8C3 /* route.cpp in Sources */,
				674F9BCA1B0A580E00704FFA /* async_router.cpp in Sources */,
				675344191A3F644F00A0A8C3 /* osrm2feature_map.cpp in Sources */,
				670D049E1B0B4A970013A7AC /* nearest_edge_finder.cpp in Sources */,
				674F9BD61B0A580E00704FFA /* turns_generator.cpp in Sources */,
				675344171A3F644F00A0A8C3 /* osrm_router.cpp in Sources */,
				A17B42981BCFBD0E00A1EAE4 /* osrm_helpers.cpp in Sources */,
				674F9BD21B0A580E00704FFA /* road_graph_router.cpp in Sources */,
				A1876BC61BB19C4300C9C743 /* speed_camera.cpp in Sources */,
				671F58BD1B874EC80032311E /* followed_polyline.cpp in Sources */,
				670EE55D1B6001E7001E8064 /* routing_session.cpp in Sources */,
				A120B3451B4A7BE5002F3808 /* cross_mwm_road_graph.cpp in Sources */,
				67C7D4291B4EB48F00FE41AA /* car_model.cpp in Sources */,
				674A28B11B1605D2001A525C /* osrm_engine.cpp in Sources */,
				674F9BD41B0A580E00704FFA /* road_graph.cpp in Sources */,
				67AB92E61B7B3E6E00AB5194 /* turns_tts_text.cpp in Sources */,
				6753441E1A3F644F00A0A8C3 /* turns.cpp in Sources */,
				670B84C01A9381D900CE4492 /* cross_routing_context.cpp in Sources */,
				A120B3501B4A7C0A002F3808 /* routing_algorithm.cpp in Sources */,
				674F9BCC1B0A580E00704FFA /* features_road_graph.cpp in Sources */,
				674F9BD01B0A580E00704FFA /* online_cross_fetcher.cpp in Sources */,
				670EE5751B664796001E8064 /* router.cpp in Sources */,
				670C62131AC5A15700C38A8C /* routing_mapping.cpp in Sources */,
				67C7D42D1B4EB48F00FE41AA /* turns_sound_settings.cpp in Sources */,
				A120B34E1B4A7C0A002F3808 /* online_absent_fetcher.cpp in Sources */,
			);
			runOnlyForDeploymentPostprocessing = 0;
		};
/* End PBXSourcesBuildPhase section */

/* Begin XCBuildConfiguration section */
		675344011A3F640D00A0A8C3 /* Debug */ = {
			isa = XCBuildConfiguration;
			baseConfigurationReference = 670D05A61B0E02560013A7AC /* defaults.xcconfig */;
			buildSettings = {
				ALWAYS_SEARCH_USER_PATHS = NO;
				CLANG_CXX_LANGUAGE_STANDARD = "gnu++0x";
				CLANG_CXX_LIBRARY = "libc++";
				CLANG_ENABLE_MODULES = YES;
				CLANG_ENABLE_OBJC_ARC = YES;
				CLANG_WARN_BOOL_CONVERSION = YES;
				CLANG_WARN_CONSTANT_CONVERSION = YES;
				CLANG_WARN_DIRECT_OBJC_ISA_USAGE = YES_ERROR;
				CLANG_WARN_EMPTY_BODY = YES;
				CLANG_WARN_ENUM_CONVERSION = YES;
				CLANG_WARN_INT_CONVERSION = YES;
				CLANG_WARN_OBJC_ROOT_CLASS = YES_ERROR;
				CLANG_WARN_UNREACHABLE_CODE = YES;
				CLANG_WARN__DUPLICATE_METHOD_MATCH = YES;
				COPY_PHASE_STRIP = NO;
				ENABLE_STRICT_OBJC_MSGSEND = YES;
				GCC_C_LANGUAGE_STANDARD = gnu99;
				GCC_DYNAMIC_NO_PIC = NO;
				GCC_OPTIMIZATION_LEVEL = 0;
				GCC_PREPROCESSOR_DEFINITIONS = (
					"DEBUG=1",
					"$(inherited)",
				);
				GCC_SYMBOLS_PRIVATE_EXTERN = NO;
				GCC_WARN_64_TO_32_BIT_CONVERSION = YES;
				GCC_WARN_ABOUT_RETURN_TYPE = YES_ERROR;
				GCC_WARN_UNDECLARED_SELECTOR = YES;
				GCC_WARN_UNINITIALIZED_AUTOS = YES_AGGRESSIVE;
				GCC_WARN_UNUSED_FUNCTION = YES;
				GCC_WARN_UNUSED_VARIABLE = YES;
				HEADER_SEARCH_PATHS = (
					"$(inherited)",
					"$(OMIM_ROOT)/3party/jansson/src",
					"$(OMIM_ROOT)/3party/osrm/osrm-backend/include",
					"$(OMIM_ROOT)/3party/osrm/osrm-backend/third_party",
				);
				MACOSX_DEPLOYMENT_TARGET = 10.10;
				MTL_ENABLE_DEBUG_INFO = YES;
				ONLY_ACTIVE_ARCH = YES;
				SDKROOT = macosx;
				SUPPORTED_PLATFORMS = "macosx iphonesimulator iphoneos";
			};
			name = Debug;
		};
		675344021A3F640D00A0A8C3 /* Release */ = {
			isa = XCBuildConfiguration;
			baseConfigurationReference = 670D05A61B0E02560013A7AC /* defaults.xcconfig */;
			buildSettings = {
				ALWAYS_SEARCH_USER_PATHS = NO;
				CLANG_CXX_LANGUAGE_STANDARD = "gnu++0x";
				CLANG_CXX_LIBRARY = "libc++";
				CLANG_ENABLE_MODULES = YES;
				CLANG_ENABLE_OBJC_ARC = YES;
				CLANG_WARN_BOOL_CONVERSION = YES;
				CLANG_WARN_CONSTANT_CONVERSION = YES;
				CLANG_WARN_DIRECT_OBJC_ISA_USAGE = YES_ERROR;
				CLANG_WARN_EMPTY_BODY = YES;
				CLANG_WARN_ENUM_CONVERSION = YES;
				CLANG_WARN_INT_CONVERSION = YES;
				CLANG_WARN_OBJC_ROOT_CLASS = YES_ERROR;
				CLANG_WARN_UNREACHABLE_CODE = YES;
				CLANG_WARN__DUPLICATE_METHOD_MATCH = YES;
				COPY_PHASE_STRIP = YES;
				DEBUG_INFORMATION_FORMAT = "dwarf-with-dsym";
				ENABLE_NS_ASSERTIONS = NO;
				ENABLE_STRICT_OBJC_MSGSEND = YES;
				GCC_C_LANGUAGE_STANDARD = gnu99;
				GCC_WARN_64_TO_32_BIT_CONVERSION = YES;
				GCC_WARN_ABOUT_RETURN_TYPE = YES_ERROR;
				GCC_WARN_UNDECLARED_SELECTOR = YES;
				GCC_WARN_UNINITIALIZED_AUTOS = YES_AGGRESSIVE;
				GCC_WARN_UNUSED_FUNCTION = YES;
				GCC_WARN_UNUSED_VARIABLE = YES;
				HEADER_SEARCH_PATHS = (
					"$(inherited)",
					"$(OMIM_ROOT)/3party/jansson/src",
					"$(OMIM_ROOT)/3party/osrm/osrm-backend/include",
					"$(OMIM_ROOT)/3party/osrm/osrm-backend/third_party",
				);
				MACOSX_DEPLOYMENT_TARGET = 10.10;
				MTL_ENABLE_DEBUG_INFO = NO;
				SDKROOT = macosx;
				SUPPORTED_PLATFORMS = "macosx iphonesimulator iphoneos";
			};
			name = Release;
		};
		675344041A3F640D00A0A8C3 /* Debug */ = {
			isa = XCBuildConfiguration;
			buildSettings = {
				COMBINE_HIDPI_IMAGES = YES;
				EXECUTABLE_PREFIX = lib;
				GCC_ENABLE_CPP_EXCEPTIONS = YES;
				GCC_ENABLE_CPP_RTTI = YES;
				GCC_SYMBOLS_PRIVATE_EXTERN = NO;
				HEADER_SEARCH_PATHS = "$(inherited)";
				PRODUCT_NAME = "$(TARGET_NAME)";
			};
			name = Debug;
		};
		675344051A3F640D00A0A8C3 /* Release */ = {
			isa = XCBuildConfiguration;
			buildSettings = {
				COMBINE_HIDPI_IMAGES = YES;
				EXECUTABLE_PREFIX = lib;
				GCC_ENABLE_CPP_EXCEPTIONS = YES;
				GCC_ENABLE_CPP_RTTI = YES;
				GCC_PREPROCESSOR_DEFINITIONS = "RELEASE=1";
				GCC_SYMBOLS_PRIVATE_EXTERN = NO;
				HEADER_SEARCH_PATHS = "$(inherited)";
				PRODUCT_NAME = "$(TARGET_NAME)";
			};
			name = Release;
		};
/* End XCBuildConfiguration section */

/* Begin XCConfigurationList section */
		675343F31A3F640D00A0A8C3 /* Build configuration list for PBXProject "routing" */ = {
			isa = XCConfigurationList;
			buildConfigurations = (
				675344011A3F640D00A0A8C3 /* Debug */,
				675344021A3F640D00A0A8C3 /* Release */,
			);
			defaultConfigurationIsVisible = 0;
			defaultConfigurationName = Release;
		};
		675344031A3F640D00A0A8C3 /* Build configuration list for PBXNativeTarget "routing" */ = {
			isa = XCConfigurationList;
			buildConfigurations = (
				675344041A3F640D00A0A8C3 /* Debug */,
				675344051A3F640D00A0A8C3 /* Release */,
			);
			defaultConfigurationIsVisible = 0;
			defaultConfigurationName = Release;
		};
/* End XCConfigurationList section */
	};
	rootObject = 675343F01A3F640D00A0A8C3 /* Project object */;
}
